
Microsoft Visual Studio Solution File, Format Version 12.00
# Visual Studio Version 17
VisualStudioVersion = 17.8.34330.188
MinimumVisualStudioVersion = 10.0.40219.1
Project("{888888A0-9F3D-457C-B088-3A5042F75D52}") = "MySqlDatabaseExample", "MySqlDatabaseExample.pyproj", "{6B4C43B6-F7B8-4432-876F-269A8D5ECF6C}"
EndProject
Global
	GlobalSection(SolutionConfigurationPlatforms) = preSolution
		Debug|Any CPU = Debug|Any CPU
		Release|Any CPU = Release|Any CPU
	EndGlobalSection
	GlobalSection(ProjectConfigurationPlatforms) = postSolution
		{6B4C43B6-F7B8-4432-876F-269A8D5ECF6C}.Debug|Any CPU.ActiveCfg = Debug|Any CPU
		{6B4C43B6-F7B8-4432-876F-269A8D5ECF6C}.Release|Any CPU.ActiveCfg = Release|Any CPU
	EndGlobalSection
	GlobalSection(SolutionProperties) = preSolution
		HideSolutionNode = FALSE
	EndGlobalSection
	GlobalSection(ExtensibilityGlobals) = postSolution
		SolutionGuid = {BB249986-2FC8-4F4C-985F-EC4FB1635C37}
	EndGlobalSection
EndGlobal
